{
  "name": "vuetify-customized-fields",
  "version": "1.0.5",
  "lockfileVersion": 2,
  "requires": true,
  "packages": {
    "": {
      "name": "vuetify-customized-fields",
      "version": "1.0.5",
      "license": "ISC",
      "dependencies": {
        "@mdi/js": "^7.1.96",
        "libphonenumber-js": "^1.10.21"
      }
    },
    "node_modules/@mdi/js": {
      "version": "7.1.96",
      "resolved": "https://registry.npmjs.org/@mdi/js/-/js-7.1.96.tgz",
      "integrity": "sha512-wlrJs6Ryhaa5CqhK3FjTfMRnb/s7HeLkKMFqwQySkK86cdN1TGdzpSM3O4tsmzCA1dYBeTbXvOwSE/Y42cUrvA=="
    },
    "node_modules/libphonenumber-js": {
      "version": "1.10.21",
      "resolved": "https://registry.npmjs.org/libphonenumber-js/-/libphonenumber-js-1.10.21.tgz",
      "integrity": "sha512-/udZhx49av2r2gZR/+xXSrwcR8smX/sDNrVpOFrvW+CA26TfYTVZfwb3MIDvmwAYMLs7pXuJjZX0VxxGpqPhsA=="
    }
  },
  "dependencies": {
    "@mdi/js": {
      "version": "7.1.96",
      "resolved": "https://registry.npmjs.org/@mdi/js/-/js-7.1.96.tgz",
      "integrity": "sha512-wlrJs6Ryhaa5CqhK3FjTfMRnb/s7HeLkKMFqwQySkK86cdN1TGdzpSM3O4tsmzCA1dYBeTbXvOwSE/Y42cUrvA=="
    },
    "libphonenumber-js": {
      "version": "1.10.21",
      "resolved": "https://registry.npmjs.org/libphonenumber-js/-/libphonenumber-js-1.10.21.tgz",
      "integrity": "sha512-/udZhx49av2r2gZR/+xXSrwcR8smX/sDNrVpOFrvW+CA26TfYTVZfwb3MIDvmwAYMLs7pXuJjZX0VxxGpqPhsA=="
    }
  }
}
